
Microsoft Visual Studio Solution File, Format Version 12.00
# Visual Studio Version 16
VisualStudioVersion = 16.0.30011.22
MinimumVisualStudioVersion = 10.0.40219.1
Project("{FAE04EC0-301F-11D3-BF4B-00C04F79EFBC}") = "Village Newbies", "Village Newbies\Village Newbies.csproj", "{C8AD755F-B599-4C15-A625-E410243021A3}"
EndProject
Global
	GlobalSection(SolutionConfigurationPlatforms) = preSolution
		Debug|Any CPU = Debug|Any CPU
		Release|Any CPU = Release|Any CPU
	EndGlobalSection
	GlobalSection(ProjectConfigurationPlatforms) = postSolution
		{C8AD755F-B599-4C15-A625-E410243021A3}.Debug|Any CPU.ActiveCfg = Debug|Any CPU
		{C8AD755F-B599-4C15-A625-E410243021A3}.Debug|Any CPU.Build.0 = Debug|Any CPU
		{C8AD755F-B599-4C15-A625-E410243021A3}.Release|Any CPU.ActiveCfg = Release|Any CPU
		{C8AD755F-B599-4C15-A625-E410243021A3}.Release|Any CPU.Build.0 = Release|Any CPU
	EndGlobalSection
	GlobalSection(SolutionProperties) = preSolution
		HideSolutionNode = FALSE
	EndGlobalSection
	GlobalSection(ExtensibilityGlobals) = postSolution
		SolutionGuid = {000033B7-3014-4E5E-8A8C-82294BF8C767}
	EndGlobalSection
EndGlobal
